
Microsoft Visual Studio Solution File, Format Version 12.00
# Visual Studio Version 17
VisualStudioVersion = 17.1.32421.90
MinimumVisualStudioVersion = 10.0.40219.1
Project("{9A19103F-16F7-4668-BE54-9A1E7A4F7556}") = "TiendaServicios.Api.Autor", "TiendaServicios.Api.Autor\TiendaServicios.Api.Autor.csproj", "{4EF63497-85AC-4FD1-9907-7B8115600EBA}"
EndProject
Project("{9A19103F-16F7-4668-BE54-9A1E7A4F7556}") = "TiendaServicios.Api.Libro", "TiendaServicios.Api.Libro\TiendaServicios.Api.Libro.csproj", "{6F836C26-DC75-4389-B094-EED3D1EEF5BD}"
EndProject
Project("{9A19103F-16F7-4668-BE54-9A1E7A4F7556}") = "TiendaServicios.Api.CarritoCompra", "TiendaServicios.Api.CarritoCompra\TiendaServicios.Api.CarritoCompra.csproj", "{9450CB1D-8ACC-4049-A133-337AB6D40DE5}"
EndProject
Project("{9A19103F-16F7-4668-BE54-9A1E7A4F7556}") = "TiendaServicios.Api.Libro.Test", "Tienda.Servicios.Api.Libro.Test\TiendaServicios.Api.Libro.Test.csproj", "{6680DFF0-AFB2-4819-9DB3-1B3500AE3D6F}"
EndProject
Project("{E53339B2-1760-4266-BCC7-CA923CBCF16C}") = "docker-compose", "docker-compose.dcproj", "{5C6E59AB-F31D-428B-BC6E-59868636271A}"
EndProject
Global
	GlobalSection(SolutionConfigurationPlatforms) = preSolution
		Debug|Any CPU = Debug|Any CPU
		Release|Any CPU = Release|Any CPU
	EndGlobalSection
	GlobalSection(ProjectConfigurationPlatforms) = postSolution
		{4EF63497-85AC-4FD1-9907-7B8115600EBA}.Debug|Any CPU.ActiveCfg = Debug|Any CPU
		{4EF63497-85AC-4FD1-9907-7B8115600EBA}.Debug|Any CPU.Build.0 = Debug|Any CPU
		{4EF63497-85AC-4FD1-9907-7B8115600EBA}.Release|Any CPU.ActiveCfg = Release|Any CPU
		{4EF63497-85AC-4FD1-9907-7B8115600EBA}.Release|Any CPU.Build.0 = Release|Any CPU
		{6F836C26-DC75-4389-B094-EED3D1EEF5BD}.Debug|Any CPU.ActiveCfg = Debug|Any CPU
		{6F836C26-DC75-4389-B094-EED3D1EEF5BD}.Debug|Any CPU.Build.0 = Debug|Any CPU
		{6F836C26-DC75-4389-B094-EED3D1EEF5BD}.Release|Any CPU.ActiveCfg = Release|Any CPU
		{6F836C26-DC75-4389-B094-EED3D1EEF5BD}.Release|Any CPU.Build.0 = Release|Any CPU
		{9450CB1D-8ACC-4049-A133-337AB6D40DE5}.Debug|Any CPU.ActiveCfg = Debug|Any CPU
		{9450CB1D-8ACC-4049-A133-337AB6D40DE5}.Debug|Any CPU.Build.0 = Debug|Any CPU
		{9450CB1D-8ACC-4049-A133-337AB6D40DE5}.Release|Any CPU.ActiveCfg = Release|Any CPU
		{9450CB1D-8ACC-4049-A133-337AB6D40DE5}.Release|Any CPU.Build.0 = Release|Any CPU
		{6680DFF0-AFB2-4819-9DB3-1B3500AE3D6F}.Debug|Any CPU.ActiveCfg = Debug|Any CPU
		{6680DFF0-AFB2-4819-9DB3-1B3500AE3D6F}.Debug|Any CPU.Build.0 = Debug|Any CPU
		{6680DFF0-AFB2-4819-9DB3-1B3500AE3D6F}.Release|Any CPU.ActiveCfg = Release|Any CPU
		{6680DFF0-AFB2-4819-9DB3-1B3500AE3D6F}.Release|Any CPU.Build.0 = Release|Any CPU
		{5C6E59AB-F31D-428B-BC6E-59868636271A}.Debug|Any CPU.ActiveCfg = Debug|Any CPU
		{5C6E59AB-F31D-428B-BC6E-59868636271A}.Debug|Any CPU.Build.0 = Debug|Any CPU
		{5C6E59AB-F31D-428B-BC6E-59868636271A}.Release|Any CPU.ActiveCfg = Release|Any CPU
		{5C6E59AB-F31D-428B-BC6E-59868636271A}.Release|Any CPU.Build.0 = Release|Any CPU
	EndGlobalSection
	GlobalSection(SolutionProperties) = preSolution
		HideSolutionNode = FALSE
	EndGlobalSection
	GlobalSection(ExtensibilityGlobals) = postSolution
		SolutionGuid = {A985EDA9-FF4C-4F6D-B392-D541B938B3FF}
	EndGlobalSection
EndGlobal
